lockfileVersion: '6.0'

settings:
  autoInstallPeers: true
  excludeLinksFromLockfile: false

devDependencies:
  prettier:
    specifier: ^3.2.5
    version: 3.2.5
  prettier-plugin-md-nocjsp:
    specifier: ^1.5.1
    version: 1.5.1(prettier@3.2.5)

packages:

  /prettier-plugin-md-nocjsp@1.5.1(prettier@3.2.5):
    resolution: {integrity: sha512-qJyt8otPPNetQEcsZEaS4BGSgGfrhX9CfvcUUauvHewaMMZDxWDU8GB1VkWHwhLZ4W9nDTfWxGPBce8Ot4Jaxg==}
    peerDependencies:
      prettier: 2.x
    dependencies:
      prettier: 3.2.5
    dev: true

  /prettier@3.2.5:
    resolution: {integrity: sha512-3/GWa9aOC0YeD7LUfvOG2NiDyhOWRvt1k+rcKhOuYnMY24iiCphgneUfJDyFXd6rZCAnuLBv6UeAULtrhT/F4A==}
    engines: {node: '>=14'}
    hasBin: true
    dev: true
